
Microsoft Visual Studio Solution File, Format Version 12.00
# Visual Studio 15
VisualStudioVersion = 15.0.26430.6
MinimumVisualStudioVersion = 10.0.40219.1
Project("{9A19103F-16F7-4668-BE54-9A1E7A4F7556}") = "GenerateMonoSpriteFonts", "GenerateMonoSpriteFonts.csproj", "{FE96BD28-5CC8-46BE-A7CF-2CBF80167FFF}"
EndProject
Project("{FAE04EC0-301F-11D3-BF4B-00C04F79EFBC}") = "GenerateMonoSpriteFonts.StandardNet", "..\GenerateMonoSpriteFonts.StandardNet\GenerateMonoSpriteFonts.StandardNet.csproj", "{1BE2AAB6-CC6D-4A22-96B1-DBC2E9103E51}"
EndProject
Global
	GlobalSection(SolutionConfigurationPlatforms) = preSolution
		Debug|Any CPU = Debug|Any CPU
		Release|Any CPU = Release|Any CPU
	EndGlobalSection
	GlobalSection(ProjectConfigurationPlatforms) = postSolution
		{FE96BD28-5CC8-46BE-A7CF-2CBF80167FFF}.Debug|Any CPU.ActiveCfg = Debug|Any CPU
		{FE96BD28-5CC8-46BE-A7CF-2CBF80167FFF}.Debug|Any CPU.Build.0 = Debug|Any CPU
		{FE96BD28-5CC8-46BE-A7CF-2CBF80167FFF}.Release|Any CPU.ActiveCfg = Release|Any CPU
		{FE96BD28-5CC8-46BE-A7CF-2CBF80167FFF}.Release|Any CPU.Build.0 = Release|Any CPU
		{1BE2AAB6-CC6D-4A22-96B1-DBC2E9103E51}.Debug|Any CPU.ActiveCfg = Debug|Any CPU
		{1BE2AAB6-CC6D-4A22-96B1-DBC2E9103E51}.Debug|Any CPU.Build.0 = Debug|Any CPU
		{1BE2AAB6-CC6D-4A22-96B1-DBC2E9103E51}.Release|Any CPU.ActiveCfg = Release|Any CPU
		{1BE2AAB6-CC6D-4A22-96B1-DBC2E9103E51}.Release|Any CPU.Build.0 = Release|Any CPU
	EndGlobalSection
	GlobalSection(SolutionProperties) = preSolution
		HideSolutionNode = FALSE
	EndGlobalSection
EndGlobal
